// !$*UTF8*$!
{
	archiveVersion = 1;
	classes = {
	};
	objectVersion = 46;
	objects = {

/* Begin PBXBuildFile section */
		B5D3181B1A0A6DB7002AF130 /* Foundation.framework in Frameworks */ = {isa = PBXBuildFile; fileRef = B5D3181A1A0A6DB7002AF130 /* Foundation.framework */; };
		B5D3181D1A0A6DB7002AF130 /* CoreGraphics.framework in Frameworks */ = {isa = PBXBuildFile; fileRef = B5D3181C1A0A6DB7002AF130 /* CoreGraphics.framework */; };
		B5D3181F1A0A6DB7002AF130 /* UIKit.framework in Frameworks */ = {isa = PBXBuildFile; fileRef = B5D3181E1A0A6DB7002AF130 /* UIKit.framework */; };
		B5D318251A0A6DB7002AF130 /* InfoPlist.strings in Resources */ = {isa = PBXBuildFile; fileRef = B5D318231A0A6DB7002AF130 /* InfoPlist.strings */; };
		B5D318271A0A6DB7002AF130 /* main.m in Sources */ = {isa = PBXBuildFile; fileRef = B5D318261A0A6DB7002AF130 /* main.m */; };
		B5D3182B1A0A6DB7002AF130 /* PTAppDelegate.m in Sources */ = {isa = PBXBuildFile; fileRef = B5D3182A1A0A6DB7002AF130 /* PTAppDelegate.m */; };
		B5D3182D1A0A6DB7002AF130 /* Images.xcassets in Resources */ = {isa = PBXBuildFile; fileRef = B5D3182C1A0A6DB7002AF130 /* Images.xcassets */; };
		B5D318341A0A6DB8002AF130 /* XCTest.framework in Frameworks */ = {isa = PBXBuildFile; fileRef = B5D318331A0A6DB8002AF130 /* XCTest.framework */; };
		B5D318351A0A6DB8002AF130 /* Foundation.framework in Frameworks */ = {isa = PBXBuildFile; fileRef = B5D3181A1A0A6DB7002AF130 /* Foundation.framework */; };
		B5D318361A0A6DB8002AF130 /* UIKit.framework in Frameworks */ = {isa = PBXBuildFile; fileRef = B5D3181E1A0A6DB7002AF130 /* UIKit.framework */; };
		B5D3183E1A0A6DB8002AF130 /* InfoPlist.strings in Resources */ = {isa = PBXBuildFile; fileRef = B5D3183C1A0A6DB8002AF130 /* InfoPlist.strings */; };
		B5D318401A0A6DB8002AF130 /* PTestTests.m in Sources */ = {isa = PBXBuildFile; fileRef = B5D3183F1A0A6DB8002AF130 /* PTestTests.m */; };
/* End PBXBuildFile section */

/* Begin PBXContainerItemProxy section */
		B5D318371A0A6DB8002AF130 /* PBXContainerItemProxy */ = {
			isa = PBXContainerItemProxy;
			containerPortal = B5D3180F1A0A6DB7002AF130 /* Project object */;
			proxyType = 1;
			remoteGlobalIDString = B5D318161A0A6DB7002AF130;
			remoteInfo = PTest;
		};
/* End PBXContainerItemProxy section */

/* Begin PBXFileReference section */
		B5D318171A0A6DB7002AF130 /* PTest.app */ = {isa = PBXFileReference; explicitFileType = wrapper.application; includeInIndex = 0; path = PTest.app; sourceTree = BUILT_PRODUCTS_DIR; };
		B5D3181A1A0A6DB7002AF130 /* Foundation.framework */ = {isa = PBXFileReference; lastKnownFileType = wrapper.framework; name = Foundation.framework; path = System/Library/Frameworks/Foundation.framework; sourceTree = SDKROOT; };
		B5D3181C1A0A6DB7002AF130 /* CoreGraphics.framework */ = {isa = PBXFileReference; lastKnownFileType = wrapper.framework; name = CoreGraphics.framework; path = System/Library/Frameworks/CoreGraphics.framework; sourceTree = SDKROOT; };
		B5D3181E1A0A6DB7002AF130 /* UIKit.framework */ = {isa = PBXFileReference; lastKnownFileType = wrapper.framework; name = UIKit.framework; path = System/Library/Frameworks/UIKit.framework; sourceTree = SDKROOT; };
		B5D318221A0A6DB7002AF130 /* PTest-Info.plist */ = {isa = PBXFileReference; lastKnownFileType = text.plist.xml; path = "PTest-Info.plist"; sourceTree = "<group>"; };
		B5D318241A0A6DB7002AF130 /* en */ = {isa = PBXFileReference; lastKnownFileType = text.plist.strings; name = en; path = en.lproj/InfoPlist.strings; sourceTree = "<group>"; };
		B5D318261A0A6DB7002AF130 /* main.m */ = {isa = PBXFileReference; lastKnownFileType = sourcecode.c.objc; path = main.m; sourceTree = "<group>"; };
		B5D318281A0A6DB7002AF130 /* PTest-Prefix.pch */ = {isa = PBXFileReference; lastKnownFileType = sourcecode.c.h; path = "PTest-Prefix.pch"; sourceTree = "<group>"; };
		B5D318291A0A6DB7002AF130 /* PTAppDelegate.h */ = {isa = PBXFileReference; lastKnownFileType = sourcecode.c.h; path = PTAppDelegate.h; sourceTree = "<group>"; };
		B5D3182A1A0A6DB7002AF130 /* PTAppDelegate.m */ = {isa = PBXFileReference; lastKnownFileType = sourcecode.c.objc; path = PTAppDelegate.m; sourceTree = "<group>"; };
		B5D3182C1A0A6DB7002AF130 /* Images.xcassets */ = {isa = PBXFileReference; lastKnownFileType = folder.assetcatalog; path = Images.xcassets; sourceTree = "<group>"; };
		B5D318321A0A6DB8002AF130 /* PTestTests.xctest */ = {isa = PBXFileReference; explicitFileType = wrapper.cfbundle; includeInIndex = 0; path = PTestTests.xctest; sourceTree = BUILT_PRODUCTS_DIR; };
		B5D318331A0A6DB8002AF130 /* XCTest.framework */ = {isa = PBXFileReference; lastKnownFileType = wrapper.framework; name = XCTest.framework; path = Library/Frameworks/XCTest.framework; sourceTree = DEVELOPER_DIR; };
		B5D3183B1A0A6DB8002AF130 /* PTestTests-Info.plist */ = {isa = PBXFileReference; lastKnownFileType = text.plist.xml; path = "PTestTests-Info.plist"; sourceTree = "<group>"; };
		B5D3183D1A0A6DB8002AF130 /* en */ = {isa = PBXFileReference; lastKnownFileType = text.plist.strings; name = en; path = en.lproj/InfoPlist.strings; sourceTree = "<group>"; };
		B5D3183F1A0A6DB8002AF130 /* PTestTests.m */ = {isa = PBXFileReference; lastKnownFileType = sourcecode.c.objc; path = PTestTests.m; sourceTree = "<group>"; };
/* End PBXFileReference section */

/* Begin PBXFrameworksBuildPhase section */
		B5D318141A0A6DB7002AF130 /* Frameworks */ = {
			isa = PBXFrameworksBuildPhase;
			buildActionMask = 2147483647;
			files = (
				B5D3181D1A0A6DB7002AF130 /* CoreGraphics.framework in Frameworks */,
				B5D3181F1A0A6DB7002AF130 /* UIKit.framework in Frameworks */,
				B5D3181B1A0A6DB7002AF130 /* Foundation.framework in Frameworks */,
			);
			runOnlyForDeploymentPostprocessing = 0;
		};
		B5D3182F1A0A6DB8002AF130 /* Frameworks */ = {
			isa = PBXFrameworksBuildPhase;
			buildActionMask = 2147483647;
			files = (
				B5D318341A0A6DB8002AF130 /* XCTest.framework in Frameworks */,
				B5D318361A0A6DB8002AF130 /* UIKit.framework in Frameworks */,
				B5D318351A0A6DB8002AF130 /* Foundation.framework in Frameworks */,
			);
			runOnlyForDeploymentPostprocessing = 0;
		};
/* End PBXFrameworksBuildPhase section */

/* Begin PBXGroup section */
		B5D3180E1A0A6DB7002AF130 = {
			isa = PBXGroup;
			children = (
				B5D318201A0A6DB7002AF130 /* PTest */,
				B5D318391A0A6DB8002AF130 /* PTestTests */,
				B5D318191A0A6DB7002AF130 /* Frameworks */,
				B5D318181A0A6DB7002AF130 /* Products */,
			);
			sourceTree = "<group>";
		};
		B5D318181A0A6DB7002AF130 /* Products */ = {
			isa = PBXGroup;
			children = (
				B5D318171A0A6DB7002AF130 /* PTest.app */,
				B5D318321A0A6DB8002AF130 /* PTestTests.xctest */,
			);
			name = Products;
			sourceTree = "<group>";
		};
		B5D318191A0A6DB7002AF130 /* Frameworks */ = {
			isa = PBXGroup;
			children = (
				B5D3181A1A0A6DB7002AF130 /* Foundation.framework */,
				B5D3181C1A0A6DB7002AF130 /* CoreGraphics.framework */,
				B5D3181E1A0A6DB7002AF130 /* UIKit.framework */,
				B5D318331A0A6DB8002AF130 /* XCTest.framework */,
			);
			name = Frameworks;
			sourceTree = "<group>";
		};
		B5D318201A0A6DB7002AF130 /* PTest */ = {
			isa = PBXGroup;
			children = (
				B5D318291A0A6DB7002AF130 /* PTAppDelegate.h */,
				B5D3182A1A0A6DB7002AF130 /* PTAppDelegate.m */,
				B5D3182C1A0A6DB7002AF130 /* Images.xcassets */,
				B5D318211A0A6DB7002AF130 /* Supporting Files */,
			);
			path = PTest;
			sourceTree = "<group>";
		};
		B5D318211A0A6DB7002AF130 /* Supporting Files */ = {
			isa = PBXGroup;
			children = (
				B5D318221A0A6DB7002AF130 /* PTest-Info.plist */,
				B5D318231A0A6DB7002AF130 /* InfoPlist.strings */,
				B5D318261A0A6DB7002AF130 /* main.m */,
				B5D318281A0A6DB7002AF130 /* PTest-Prefix.pch */,
			);
			name = "Supporting Files";
			sourceTree = "<group>";
		};
		B5D318391A0A6DB8002AF130 /* PTestTests */ = {
			isa = PBXGroup;
			children = (
				B5D3183F1A0A6DB8002AF130 /* PTestTests.m */,
				B5D3183A1A0A6DB8002AF130 /* Supporting Files */,
			);
			path = PTestTests;
			sourceTree = "<group>";
		};
		B5D3183A1A0A6DB8002AF130 /* Supporting Files */ = {
			isa = PBXGroup;
			children = (
				B5D3183B1A0A6DB8002AF130 /* PTestTests-Info.plist */,
				B5D3183C1A0A6DB8002AF130 /* InfoPlist.strings */,
			);
			name = "Supporting Files";
			sourceTree = "<group>";
		};
/* End PBXGroup section */

/* Begin PBXNativeTarget section */
		B5D318161A0A6DB7002AF130 /* PTest */ = {
			isa = PBXNativeTarget;
			buildConfigurationList = B5D318431A0A6DB8002AF130 /* Build configuration list for PBXNativeTarget "PTest" */;
			buildPhases = (
				B5D318131A0A6DB7002AF130 /* Sources */,
				B5D318141A0A6DB7002AF130 /* Frameworks */,
				B5D318151A0A6DB7002AF130 /* Resources */,
			);
			buildRules = (
			);
			dependencies = (
			);
			name = PTest;
			productName = PTest;
			productReference = B5D318171A0A6DB7002AF130 /* PTest.app */;
			productType = "com.apple.product-type.application";
		};
		B5D318311A0A6DB8002AF130 /* PTestTests */ = {
			isa = PBXNativeTarget;
			buildConfigurationList = B5D318461A0A6DB8002AF130 /* Build configuration list for PBXNativeTarget "PTestTests" */;
			buildPhases = (
				B5D3182E1A0A6DB8002AF130 /* Sources */,
				B5D3182F1A0A6DB8002AF130 /* Frameworks */,
				B5D318301A0A6DB8002AF130 /* Resources */,
			);
			buildRules = (
			);
			dependencies = (
				B5D318381A0A6DB8002AF130 /* PBXTargetDependency */,
			);
			name = PTestTests;
			productName = PTestTests;
			productReference = B5D318321A0A6DB8002AF130 /* PTestTests.xctest */;
			productType = "com.apple.product-type.bundle.unit-test";
		};
/* End PBXNativeTarget section */

/* Begin PBXProject section */
		B5D3180F1A0A6DB7002AF130 /* Project object */ = {
			isa = PBXProject;
			attributes = {
				CLASSPREFIX = PT;
				LastUpgradeCheck = 0510;
				ORGANIZATIONNAME = "head-system";
				TargetAttributes = {
					B5D318311A0A6DB8002AF130 = {
						TestTargetID = B5D318161A0A6DB7002AF130;
					};
				};
			};
			buildConfigurationList = B5D318121A0A6DB7002AF130 /* Build configuration list for PBXProject "PTest" */;
			compatibilityVersion = "Xcode 3.2";
			developmentRegion = English;
			hasScannedForEncodings = 0;
			knownRegions = (
				en,
			);
			mainGroup = B5D3180E1A0A6DB7002AF130;
			productRefGroup = B5D318181A0A6DB7002AF130 /* Products */;
			projectDirPath = "";
			projectRoot = "";
			targets = (
				B5D318161A0A6DB7002AF130 /* PTest */,
				B5D318311A0A6DB8002AF130 /* PTestTests */,
			);
		};
/* End PBXProject section */

/* Begin PBXResourcesBuildPhase section */
		B5D318151A0A6DB7002AF130 /* Resources */ = {
			isa = PBXResourcesBuildPhase;
			buildActionMask = 2147483647;
			files = (
				B5D318251A0A6DB7002AF130 /* InfoPlist.strings in Resources */,
				B5D3182D1A0A6DB7002AF130 /* Images.xcassets in Resources */,
			);
			runOnlyForDeploymentPostprocessing = 0;
		};
		B5D318301A0A6DB8002AF130 /* Resources */ = {
			isa = PBXResourcesBuildPhase;
			buildActionMask = 2147483647;
			files = (
				B5D3183E1A0A6DB8002AF130 /* InfoPlist.strings in Resources */,
			);
			runOnlyForDeploymentPostprocessing = 0;
		};
/* End PBXResourcesBuildPhase section */

/* Begin PBXSourcesBuildPhase section */
		B5D318131A0A6DB7002AF130 /* Sources */ = {
			isa = PBXSourcesBuildPhase;
			buildActionMask = 2147483647;
			files = (
				B5D3182B1A0A6DB7002AF130 /* PTAppDelegate.m in Sources */,
				B5D318271A0A6DB7002AF130 /* main.m in Sources */,
			);
			runOnlyForDeploymentPostprocessing = 0;
		};
		B5D3182E1A0A6DB8002AF130 /* Sources */ = {
			isa = PBXSourcesBuildPhase;
			buildActionMask = 2147483647;
			files = (
				B5D318401A0A6DB8002AF130 /* PTestTests.m in Sources */,
			);
			runOnlyForDeploymentPostprocessing = 0;
		};
/* End PBXSourcesBuildPhase section */

/* Begin PBXTargetDependency section */
		B5D318381A0A6DB8002AF130 /* PBXTargetDependency */ = {
			isa = PBXTargetDependency;
			target = B5D318161A0A6DB7002AF130 /* PTest */;
			targetProxy = B5D318371A0A6DB8002AF130 /* PBXContainerItemProxy */;
		};
/* End PBXTargetDependency section */

/* Begin PBXVariantGroup section */
		B5D318231A0A6DB7002AF130 /* InfoPlist.strings */ = {
			isa = PBXVariantGroup;
			children = (
				B5D318241A0A6DB7002AF130 /* en */,
			);
			name = InfoPlist.strings;
			sourceTree = "<group>";
		};
		B5D3183C1A0A6DB8002AF130 /* InfoPlist.strings */ = {
			isa = PBXVariantGroup;
			children = (
				B5D3183D1A0A6DB8002AF130 /* en */,
			);
			name = InfoPlist.strings;
			sourceTree = "<group>";
		};
/* End PBXVariantGroup section */

/* Begin XCBuildConfiguration section */
		B5D318411A0A6DB8002AF130 /* Debug */ = {
			isa = XCBuildConfiguration;
			buildSettings = {
				ALWAYS_SEARCH_USER_PATHS = NO;
				CLANG_CXX_LANGUAGE_STANDARD = "gnu++0x";
				CLANG_CXX_LIBRARY = "libc++";
				CLANG_ENABLE_MODULES = YES;
				CLANG_ENABLE_OBJC_ARC = YES;
				CLANG_WARN_BOOL_CONVERSION = YES;
				CLANG_WARN_CONSTANT_CONVERSION = YES;
				CLANG_WARN_DIRECT_OBJC_ISA_USAGE = YES_ERROR;
				CLANG_WARN_EMPTY_BODY = YES;
				CLANG_WARN_ENUM_CONVERSION = YES;
				CLANG_WARN_INT_CONVERSION = YES;
				CLANG_WARN_OBJC_ROOT_CLASS = YES_ERROR;
				CLANG_WARN__DUPLICATE_METHOD_MATCH = YES;
				"CODE_SIGN_IDENTITY[sdk=iphoneos*]" = "iPhone Developer";
				COPY_PHASE_STRIP = NO;
				GCC_C_LANGUAGE_STANDARD = gnu99;
				GCC_DYNAMIC_NO_PIC = NO;
				GCC_OPTIMIZATION_LEVEL = 0;
				GCC_PREPROCESSOR_DEFINITIONS = (
					"DEBUG=1",
					"$(inherited)",
				);
				GCC_SYMBOLS_PRIVATE_EXTERN = NO;
				GCC_WARN_64_TO_32_BIT_CONVERSION = YES;
				GCC_WARN_ABOUT_RETURN_TYPE = YES_ERROR;
				GCC_WARN_UNDECLARED_SELECTOR = YES;
				GCC_WARN_UNINITIALIZED_AUTOS = YES_AGGRESSIVE;
				GCC_WARN_UNUSED_FUNCTION = YES;
				GCC_WARN_UNUSED_VARIABLE = YES;
				IPHONEOS_DEPLOYMENT_TARGET = 7.1;
				ONLY_ACTIVE_ARCH = YES;
				SDKROOT = iphoneos;
			};
			name = Debug;
		};
		B5D318421A0A6DB8002AF130 /* Release */ = {
			isa = XCBuildConfiguration;
			buildSettings = {
				ALWAYS_SEARCH_USER_PATHS = NO;
				CLANG_CXX_LANGUAGE_STANDARD = "gnu++0x";
				CLANG_CXX_LIBRARY = "libc++";
				CLANG_ENABLE_MODULES = YES;
				CLANG_ENABLE_OBJC_ARC = YES;
				CLANG_WARN_BOOL_CONVERSION = YES;
				CLANG_WARN_CONSTANT_CONVERSION = YES;
				CLANG_WARN_DIRECT_OBJC_ISA_USAGE = YES_ERROR;
				CLANG_WARN_EMPTY_BODY = YES;
				CLANG_WARN_ENUM_CONVERSION = YES;
				CLANG_WARN_INT_CONVERSION = YES;
				CLANG_WARN_OBJC_ROOT_CLASS = YES_ERROR;
				CLANG_WARN__DUPLICATE_METHOD_MATCH = YES;
				"CODE_SIGN_IDENTITY[sdk=iphoneos*]" = "iPhone Developer";
				COPY_PHASE_STRIP = YES;
				ENABLE_NS_ASSERTIONS = NO;
				GCC_C_LANGUAGE_STANDARD = gnu99;
				GCC_WARN_64_TO_32_BIT_CONVERSION = YES;
				GCC_WARN_ABOUT_RETURN_TYPE = YES_ERROR;
				GCC_WARN_UNDECLARED_SELECTOR = YES;
				GCC_WARN_UNINITIALIZED_AUTOS = YES_AGGRESSIVE;
				GCC_WARN_UNUSED_FUNCTION = YES;
				GCC_WARN_UNUSED_VARIABLE = YES;
				IPHONEOS_DEPLOYMENT_TARGET = 7.1;
				SDKROOT = iphoneos;
				VALIDATE_PRODUCT = YES;
			};
			name = Release;
		};
		B5D318441A0A6DB8002AF130 /* Debug */ = {
			isa = XCBuildConfiguration;
			buildSettings = {
				ASSETCATALOG_COMPILER_APPICON_NAME = AppIcon;
				ASSETCATALOG_COMPILER_LAUNCHIMAGE_NAME = LaunchImage;
				GCC_PRECOMPILE_PREFIX_HEADER = YES;
				GCC_PREFIX_HEADER = "PTest/PTest-Prefix.pch";
				INFOPLIST_FILE = "PTest/PTest-Info.plist";
				PRODUCT_NAME = "$(TARGET_NAME)";
				WRAPPER_EXTENSION = app;
			};
			name = Debug;
		};
		B5D318451A0A6DB8002AF130 /* Release */ = {
			isa = XCBuildConfiguration;
			buildSettings = {
				ASSETCATALOG_COMPILER_APPICON_NAME = AppIcon;
				ASSETCATALOG_COMPILER_LAUNCHIMAGE_NAME = LaunchImage;
				GCC_PRECOMPILE_PREFIX_HEADER = YES;
				GCC_PREFIX_HEADER = "PTest/PTest-Prefix.pch";
				INFOPLIST_FILE = "PTest/PTest-Info.plist";
				PRODUCT_NAME = "$(TARGET_NAME)";
				WRAPPER_EXTENSION = app;
			};
			name = Release;
		};
		B5D318471A0A6DB8002AF130 /* Debug */ = {
			isa = XCBuildConfiguration;
			buildSettings = {
				BUNDLE_LOADER = "$(BUILT_PRODUCTS_DIR)/PTest.app/PTest";
				FRAMEWORK_SEARCH_PATHS = (
					"$(SDKROOT)/Developer/Library/Frameworks",
					"$(inherited)",
					"$(DEVELOPER_FRAMEWORKS_DIR)",
				);
				GCC_PRECOMPILE_PREFIX_HEADER = YES;
				GCC_PREFIX_HEADER = "PTest/PTest-Prefix.pch";
				GCC_PREPROCESSOR_DEFINITIONS = (
					"DEBUG=1",
					"$(inherited)",
				);
				INFOPLIST_FILE = "PTestTests/PTestTests-Info.plist";
				PRODUCT_NAME = "$(TARGET_NAME)";
				TEST_HOST = "$(BUNDLE_LOADER)";
				WRAPPER_EXTENSION = xctest;
			};
			name = Debug;
		};
		B5D318481A0A6DB8002AF130 /* Release */ = {
			isa = XCBuildConfiguration;
			buildSettings = {
				BUNDLE_LOADER = "$(BUILT_PRODUCTS_DIR)/PTest.app/PTest";
				FRAMEWORK_SEARCH_PATHS = (
					"$(SDKROOT)/Developer/Library/Frameworks",
					"$(inherited)",
					"$(DEVELOPER_FRAMEWORKS_DIR)",
				);
				GCC_PRECOMPILE_PREFIX_HEADER = YES;
				GCC_PREFIX_HEADER = "PTest/PTest-Prefix.pch";
				INFOPLIST_FILE = "PTestTests/PTestTests-Info.plist";
				PRODUCT_NAME = "$(TARGET_NAME)";
				TEST_HOST = "$(BUNDLE_LOADER)";
				WRAPPER_EXTENSION = xctest;
			};
			name = Release;
		};
/* End XCBuildConfiguration section */

/* Begin XCConfigurationList section */
		B5D318121A0A6DB7002AF130 /* Build configuration list for PBXProject "PTest" */ = {
			isa = XCConfigurationList;
			buildConfigurations = (
				B5D318411A0A6DB8002AF130 /* Debug */,
				B5D318421A0A6DB8002AF130 /* Release */,
			);
			defaultConfigurationIsVisible = 0;
			defaultConfigurationName = Release;
		};
		B5D318431A0A6DB8002AF130 /* Build configuration list for PBXNativeTarget "PTest" */ = {
			isa = XCConfigurationList;
			buildConfigurations = (
				B5D318441A0A6DB8002AF130 /* Debug */,
				B5D318451A0A6DB8002AF130 /* Release */,
			);
			defaultConfigurationIsVisible = 0;
		};
		B5D318461A0A6DB8002AF130 /* Build configuration list for PBXNativeTarget "PTestTests" */ = {
			isa = XCConfigurationList;
			buildConfigurations = (
				B5D318471A0A6DB8002AF130 /* Debug */,
				B5D318481A0A6DB8002AF130 /* Release */,
			);
			defaultConfigurationIsVisible = 0;
		};
/* End XCConfigurationList section */
	};
	rootObject = B5D3180F1A0A6DB7002AF130 /* Project object */;
}
